// !$*UTF8*$!
{
	archiveVersion = 1;
	classes = {
	};
	objectVersion = 46;
	objects = {

/* Begin PBXBuildFile section */
		31E568A41CAC02560024E9DC /* AppDelegate.swift in Sources */ = {isa = PBXBuildFile; fileRef = 31E568A31CAC02560024E9DC /* AppDelegate.swift */; };
		31E568A61CAC02560024E9DC /* ViewController.swift in Sources */ = {isa = PBXBuildFile; fileRef = 31E568A51CAC02560024E9DC /* ViewController.swift */; };
		31E568A91CAC02560024E9DC /* Main.storyboard in Resources */ = {isa = PBXBuildFile; fileRef = 31E568A71CAC02560024E9DC /* Main.storyboard */; };
		31E568AB1CAC02560024E9DC /* Assets.xcassets in Resources */ = {isa = PBXBuildFile; fileRef = 31E568AA1CAC02560024E9DC /* Assets.xcassets */; };
		31E568AE1CAC02560024E9DC /* LaunchScreen.storyboard in Resources */ = {isa = PBXBuildFile; fileRef = 31E568AC1CAC02560024E9DC /* LaunchScreen.storyboard */; };
		31E568B91CAC02560024E9DC /* UIViewBadgeTests.swift in Sources */ = {isa = PBXBuildFile; fileRef = 31E568B81CAC02560024E9DC /* UIViewBadgeTests.swift */; };
		31E568C41CAC02560024E9DC /* UIViewBadgeUITests.swift in Sources */ = {isa = PBXBuildFile; fileRef = 31E568C31CAC02560024E9DC /* UIViewBadgeUITests.swift */; };
		31E568D31CAC029C0024E9DC /* UIView+Badge.swift in Sources */ = {isa = PBXBuildFile; fileRef = 31E568D21CAC029C0024E9DC /* UIView+Badge.swift */; };
		31E568D71CAC24B50024E9DC /* ObjCViewController.m in Sources */ = {isa = PBXBuildFile; fileRef = 31E568D61CAC24B50024E9DC /* ObjCViewController.m */; };
/* End PBXBuildFile section */

/* Begin PBXContainerItemProxy section */
		31E568B51CAC02560024E9DC /* PBXContainerItemProxy */ = {
			isa = PBXContainerItemProxy;
			containerPortal = 31E568981CAC02560024E9DC /* Project object */;
			proxyType = 1;
			remoteGlobalIDString = 31E5689F1CAC02560024E9DC;
			remoteInfo = UIViewBadge;
		};
		31E568C01CAC02560024E9DC /* PBXContainerItemProxy */ = {
			isa = PBXContainerItemProxy;
			containerPortal = 31E568981CAC02560024E9DC /* Project object */;
			proxyType = 1;
			remoteGlobalIDString = 31E5689F1CAC02560024E9DC;
			remoteInfo = UIViewBadge;
		};
/* End PBXContainerItemProxy section */

/* Begin PBXFileReference section */
		31E568A01CAC02560024E9DC /* UIViewBadge.app */ = {isa = PBXFileReference; explicitFileType = wrapper.application; includeInIndex = 0; path = UIViewBadge.app; sourceTree = BUILT_PRODUCTS_DIR; };
		31E568A31CAC02560024E9DC /* AppDelegate.swift */ = {isa = PBXFileReference; lastKnownFileType = sourcecode.swift; path = AppDelegate.swift; sourceTree = "<group>"; };
		31E568A51CAC02560024E9DC /* ViewController.swift */ = {isa = PBXFileReference; lastKnownFileType = sourcecode.swift; path = ViewController.swift; sourceTree = "<group>"; };
		31E568A81CAC02560024E9DC /* Base */ = {isa = PBXFileReference; lastKnownFileType = file.storyboard; name = Base; path = Base.lproj/Main.storyboard; sourceTree = "<group>"; };
		31E568AA1CAC02560024E9DC /* Assets.xcassets */ = {isa = PBXFileReference; lastKnownFileType = folder.assetcatalog; path = Assets.xcassets; sourceTree = "<group>"; };
		31E568AD1CAC02560024E9DC /* Base */ = {isa = PBXFileReference; lastKnownFileType = file.storyboard; name = Base; path = Base.lproj/LaunchScreen.storyboard; sourceTree = "<group>"; };
		31E568AF1CAC02560024E9DC /* Info.plist */ = {isa = PBXFileReference; lastKnownFileType = text.plist.xml; path = Info.plist; sourceTree = "<group>"; };
		31E568B41CAC02560024E9DC /* UIViewBadgeTests.xctest */ = {isa = PBXFileReference; explicitFileType = wrapper.cfbundle; includeInIndex = 0; path = UIViewBadgeTests.xctest; sourceTree = BUILT_PRODUCTS_DIR; };
		31E568B81CAC02560024E9DC /* UIViewBadgeTests.swift */ = {isa = PBXFileReference; lastKnownFileType = sourcecode.swift; path = UIViewBadgeTests.swift; sourceTree = "<group>"; };
		31E568BA1CAC02560024E9DC /* Info.plist */ = {isa = PBXFileReference; lastKnownFileType = text.plist.xml; path = Info.plist; sourceTree = "<group>"; };
		31E568BF1CAC02560024E9DC /* UIViewBadgeUITests.xctest */ = {isa = PBXFileReference; explicitFileType = wrapper.cfbundle; includeInIndex = 0; path = UIViewBadgeUITests.xctest; sourceTree = BUILT_PRODUCTS_DIR; };
		31E568C31CAC02560024E9DC /* UIViewBadgeUITests.swift */ = {isa = PBXFileReference; lastKnownFileType = sourcecode.swift; path = UIViewBadgeUITests.swift; sourceTree = "<group>"; };
		31E568C51CAC02560024E9DC /* Info.plist */ = {isa = PBXFileReference; lastKnownFileType = text.plist.xml; path = Info.plist; sourceTree = "<group>"; };
		31E568D21CAC029C0024E9DC /* UIView+Badge.swift */ = {isa = PBXFileReference; fileEncoding = 4; lastKnownFileType = sourcecode.swift; path = "UIView+Badge.swift"; sourceTree = "<group>"; };
		31E568D41CAC24B50024E9DC /* UIViewBadge-Bridging-Header.h */ = {isa = PBXFileReference; lastKnownFileType = sourcecode.c.h; path = "UIViewBadge-Bridging-Header.h"; sourceTree = "<group>"; };
		31E568D51CAC24B50024E9DC /* ObjCViewController.h */ = {isa = PBXFileReference; fileEncoding = 4; lastKnownFileType = sourcecode.c.h; path = ObjCViewController.h; sourceTree = "<group>"; };
		31E568D61CAC24B50024E9DC /* ObjCViewController.m */ = {isa = PBXFileReference; fileEncoding = 4; lastKnownFileType = sourcecode.c.objc; path = ObjCViewController.m; sourceTree = "<group>"; };
/* End PBXFileReference section */

/* Begin PBXFrameworksBuildPhase section */
		31E5689D1CAC02560024E9DC /* Frameworks */ = {
			isa = PBXFrameworksBuildPhase;
			buildActionMask = 2147483647;
			files = (
			);
			runOnlyForDeploymentPostprocessing = 0;
		};
		31E568B11CAC02560024E9DC /* Frameworks */ = {
			isa = PBXFrameworksBuildPhase;
			buildActionMask = 2147483647;
			files = (
			);
			runOnlyForDeploymentPostprocessing = 0;
		};
		31E568BC1CAC02560024E9DC /* Frameworks */ = {
			isa = PBXFrameworksBuildPhase;
			buildActionMask = 2147483647;
			files = (
			);
			runOnlyForDeploymentPostprocessing = 0;
		};
/* End PBXFrameworksBuildPhase section */

/* Begin PBXGroup section */
		31E568971CAC02560024E9DC = {
			isa = PBXGroup;
			children = (
				31E568D11CAC02740024E9DC /* Class */,
				31E568A21CAC02560024E9DC /* UIViewBadge */,
				31E568B71CAC02560024E9DC /* UIViewBadgeTests */,
				31E568C21CAC02560024E9DC /* UIViewBadgeUITests */,
				31E568A11CAC02560024E9DC /* Products */,
			);
			sourceTree = "<group>";
		};
		31E568A11CAC02560024E9DC /* Products */ = {
			isa = PBXGroup;
			children = (
				31E568A01CAC02560024E9DC /* UIViewBadge.app */,
				31E568B41CAC02560024E9DC /* UIViewBadgeTests.xctest */,
				31E568BF1CAC02560024E9DC /* UIViewBadgeUITests.xctest */,
			);
			name = Products;
			sourceTree = "<group>";
		};
		31E568A21CAC02560024E9DC /* UIViewBadge */ = {
			isa = PBXGroup;
			children = (
				31E568A31CAC02560024E9DC /* AppDelegate.swift */,
				31E568A51CAC02560024E9DC /* ViewController.swift */,
				31E568D51CAC24B50024E9DC /* ObjCViewController.h */,
				31E568D61CAC24B50024E9DC /* ObjCViewController.m */,
				31E568A71CAC02560024E9DC /* Main.storyboard */,
				31E568AA1CAC02560024E9DC /* Assets.xcassets */,
				31E568AC1CAC02560024E9DC /* LaunchScreen.storyboard */,
				31E568AF1CAC02560024E9DC /* Info.plist */,
				31E568D41CAC24B50024E9DC /* UIViewBadge-Bridging-Header.h */,
			);
			path = UIViewBadge;
			sourceTree = "<group>";
		};
		31E568B71CAC02560024E9DC /* UIViewBadgeTests */ = {
			isa = PBXGroup;
			children = (
				31E568B81CAC02560024E9DC /* UIViewBadgeTests.swift */,
				31E568BA1CAC02560024E9DC /* Info.plist */,
			);
			path = UIViewBadgeTests;
			sourceTree = "<group>";
		};
		31E568C21CAC02560024E9DC /* UIViewBadgeUITests */ = {
			isa = PBXGroup;
			children = (
				31E568C31CAC02560024E9DC /* UIViewBadgeUITests.swift */,
				31E568C51CAC02560024E9DC /* Info.plist */,
			);
			path = UIViewBadgeUITests;
			sourceTree = "<group>";
		};
		31E568D11CAC02740024E9DC /* Class */ = {
			isa = PBXGroup;
			children = (
				31E568D21CAC029C0024E9DC /* UIView+Badge.swift */,
			);
			path = Class;
			sourceTree = "<group>";
		};
/* End PBXGroup section */

/* Begin PBXNativeTarget section */
		31E5689F1CAC02560024E9DC /* UIViewBadge */ = {
			isa = PBXNativeTarget;
			buildConfigurationList = 31E568C81CAC02560024E9DC /* Build configuration list for PBXNativeTarget "UIViewBadge" */;
			buildPhases = (
				31E5689C1CAC02560024E9DC /* Sources */,
				31E5689D1CAC02560024E9DC /* Frameworks */,
				31E5689E1CAC02560024E9DC /* Resources */,
			);
			buildRules = (
			);
			dependencies = (
			);
			name = UIViewBadge;
			productName = UIViewBadge;
			productReference = 31E568A01CAC02560024E9DC /* UIViewBadge.app */;
			productType = "com.apple.product-type.application";
		};
		31E568B31CAC02560024E9DC /* UIViewBadgeTests */ = {
			isa = PBXNativeTarget;
			buildConfigurationList = 31E568CB1CAC02560024E9DC /* Build configuration list for PBXNativeTarget "UIViewBadgeTests" */;
			buildPhases = (
				31E568B01CAC02560024E9DC /* Sources */,
				31E568B11CAC02560024E9DC /* Frameworks */,
				31E568B21CAC02560024E9DC /* Resources */,
			);
			buildRules = (
			);
			dependencies = (
				31E568B61CAC02560024E9DC /* PBXTargetDependency */,
			);
			name = UIViewBadgeTests;
			productName = UIViewBadgeTests;
			productReference = 31E568B41CAC02560024E9DC /* UIViewBadgeTests.xctest */;
			productType = "com.apple.product-type.bundle.unit-test";
		};
		31E568BE1CAC02560024E9DC /* UIViewBadgeUITests */ = {
			isa = PBXNativeTarget;
			buildConfigurationList = 31E568CE1CAC02560024E9DC /* Build configuration list for PBXNativeTarget "UIViewBadgeUITests" */;
			buildPhases = (
				31E568BB1CAC02560024E9DC /* Sources */,
				31E568BC1CAC02560024E9DC /* Frameworks */,
				31E568BD1CAC02560024E9DC /* Resources */,
			);
			buildRules = (
			);
			dependencies = (
				31E568C11CAC02560024E9DC /* PBXTargetDependency */,
			);
			name = UIViewBadgeUITests;
			productName = UIViewBadgeUITests;
			productReference = 31E568BF1CAC02560024E9DC /* UIViewBadgeUITests.xctest */;
			productType = "com.apple.product-type.bundle.ui-testing";
		};
/* End PBXNativeTarget section */

/* Begin PBXProject section */
		31E568981CAC02560024E9DC /* Project object */ = {
			isa = PBXProject;
			attributes = {
				LastSwiftUpdateCheck = 0730;
				LastUpgradeCheck = 0730;
				ORGANIZATIONNAME = yixiaoluo;
				TargetAttributes = {
					31E5689F1CAC02560024E9DC = {
						CreatedOnToolsVersion = 7.3;
					};
					31E568B31CAC02560024E9DC = {
						CreatedOnToolsVersion = 7.3;
						TestTargetID = 31E5689F1CAC02560024E9DC;
					};
					31E568BE1CAC02560024E9DC = {
						CreatedOnToolsVersion = 7.3;
						TestTargetID = 31E5689F1CAC02560024E9DC;
					};
				};
			};
			buildConfigurationList = 31E5689B1CAC02560024E9DC /* Build configuration list for PBXProject "UIViewBadge" */;
			compatibilityVersion = "Xcode 3.2";
			developmentRegion = English;
			hasScannedForEncodings = 0;
			knownRegions = (
				en,
				Base,
			);
			mainGroup = 31E568971CAC02560024E9DC;
			productRefGroup = 31E568A11CAC02560024E9DC /* Products */;
			projectDirPath = "";
			projectRoot = "";
			targets = (
				31E5689F1CAC02560024E9DC /* UIViewBadge */,
				31E568B31CAC02560024E9DC /* UIViewBadgeTests */,
				31E568BE1CAC02560024E9DC /* UIViewBadgeUITests */,
			);
		};
/* End PBXProject section */

/* Begin PBXResourcesBuildPhase section */
		31E5689E1CAC02560024E9DC /* Resources */ = {
			isa = PBXResourcesBuildPhase;
			buildActionMask = 2147483647;
			files = (
				31E568AE1CAC02560024E9DC /* LaunchScreen.storyboard in Resources */,
				31E568AB1CAC02560024E9DC /* Assets.xcassets in Resources */,
				31E568A91CAC02560024E9DC /* Main.storyboard in Resources */,
			);
			runOnlyForDeploymentPostprocessing = 0;
		};
		31E568B21CAC02560024E9DC /* Resources */ = {
			isa = PBXResourcesBuildPhase;
			buildActionMask = 2147483647;
			files = (
			);
			runOnlyForDeploymentPostprocessing = 0;
		};
		31E568BD1CAC02560024E9DC /* Resources */ = {
			isa = PBXResourcesBuildPhase;
			buildActionMask = 2147483647;
			files = (
			);
			runOnlyForDeploymentPostprocessing = 0;
		};
/* End PBXResourcesBuildPhase section */

/* Begin PBXSourcesBuildPhase section */
		31E5689C1CAC02560024E9DC /* Sources */ = {
			isa = PBXSourcesBuildPhase;
			buildActionMask = 2147483647;
			files = (
				31E568D71CAC24B50024E9DC /* ObjCViewController.m in Sources */,
				31E568A61CAC02560024E9DC /* ViewController.swift in Sources */,
				31E568D31CAC029C0024E9DC /* UIView+Badge.swift in Sources */,
				31E568A41CAC02560024E9DC /* AppDelegate.swift in Sources */,
			);
			runOnlyForDeploymentPostprocessing = 0;
		};
		31E568B01CAC02560024E9DC /* Sources */ = {
			isa = PBXSourcesBuildPhase;
			buildActionMask = 2147483647;
			files = (
				31E568B91CAC02560024E9DC /* UIViewBadgeTests.swift in Sources */,
			);
			runOnlyForDeploymentPostprocessing = 0;
		};
		31E568BB1CAC02560024E9DC /* Sources */ = {
			isa = PBXSourcesBuildPhase;
			buildActionMask = 2147483647;
			files = (
				31E568C41CAC02560024E9DC /* UIViewBadgeUITests.swift in Sources */,
			);
			runOnlyForDeploymentPostprocessing = 0;
		};
/* End PBXSourcesBuildPhase section */

/* Begin PBXTargetDependency section */
		31E568B61CAC02560024E9DC /* PBXTargetDependency */ = {
			isa = PBXTargetDependency;
			target = 31E5689F1CAC02560024E9DC /* UIViewBadge */;
			targetProxy = 31E568B51CAC02560024E9DC /* PBXContainerItemProxy */;
		};
		31E568C11CAC02560024E9DC /* PBXTargetDependency */ = {
			isa = PBXTargetDependency;
			target = 31E5689F1CAC02560024E9DC /* UIViewBadge */;
			targetProxy = 31E568C01CAC02560024E9DC /* PBXContainerItemProxy */;
		};
/* End PBXTargetDependency section */

/* Begin PBXVariantGroup section */
		31E568A71CAC02560024E9DC /* Main.storyboard */ = {
			isa = PBXVariantGroup;
			children = (
				31E568A81CAC02560024E9DC /* Base */,
			);
			name = Main.storyboard;
			sourceTree = "<group>";
		};
		31E568AC1CAC02560024E9DC /* LaunchScreen.storyboard */ = {
			isa = PBXVariantGroup;
			children = (
				31E568AD1CAC02560024E9DC /* Base */,
			);
			name = LaunchScreen.storyboard;
			sourceTree = "<group>";
		};
/* End PBXVariantGroup section */

/* Begin XCBuildConfiguration section */
		31E568C61CAC02560024E9DC /* Debug */ = {
			isa = XCBuildConfiguration;
			buildSettings = {
				ALWAYS_SEARCH_USER_PATHS = NO;
				CLANG_ANALYZER_NONNULL = YES;
				CLANG_CXX_LANGUAGE_STANDARD = "gnu++0x";
				CLANG_CXX_LIBRARY = "libc++";
				CLANG_ENABLE_MODULES = YES;
				CLANG_ENABLE_OBJC_ARC = YES;
				CLANG_WARN_BOOL_CONVERSION = YES;
				CLANG_WARN_CONSTANT_CONVERSION = YES;
				CLANG_WARN_DIRECT_OBJC_ISA_USAGE = YES_ERROR;
				CLANG_WARN_EMPTY_BODY = YES;
				CLANG_WARN_ENUM_CONVERSION = YES;
				CLANG_WARN_INT_CONVERSION = YES;
				CLANG_WARN_OBJC_ROOT_CLASS = YES_ERROR;
				CLANG_WARN_UNREACHABLE_CODE = YES;
				CLANG_WARN__DUPLICATE_METHOD_MATCH = YES;
				"CODE_SIGN_IDENTITY[sdk=iphoneos*]" = "iPhone Developer";
				COPY_PHASE_STRIP = NO;
				DEBUG_INFORMATION_FORMAT = dwarf;
				ENABLE_STRICT_OBJC_MSGSEND = YES;
				ENABLE_TESTABILITY = YES;
				GCC_C_LANGUAGE_STANDARD = gnu99;
				GCC_DYNAMIC_NO_PIC = NO;
				GCC_NO_COMMON_BLOCKS = YES;
				GCC_OPTIMIZATION_LEVEL = 0;
				GCC_PREPROCESSOR_DEFINITIONS = (
					"DEBUG=1",
					"$(inherited)",
				);
				GCC_WARN_64_TO_32_BIT_CONVERSION = YES;
				GCC_WARN_ABOUT_RETURN_TYPE = YES_ERROR;
				GCC_WARN_UNDECLARED_SELECTOR = YES;
				GCC_WARN_UNINITIALIZED_AUTOS = YES_AGGRESSIVE;
				GCC_WARN_UNUSED_FUNCTION = YES;
				GCC_WARN_UNUSED_VARIABLE = YES;
				IPHONEOS_DEPLOYMENT_TARGET = 9.3;
				MTL_ENABLE_DEBUG_INFO = YES;
				ONLY_ACTIVE_ARCH = YES;
				SDKROOT = iphoneos;
				SWIFT_OPTIMIZATION_LEVEL = "-Onone";
				TARGETED_DEVICE_FAMILY = "1,2";
			};
			name = Debug;
		};
		31E568C71CAC02560024E9DC /* Release */ = {
			isa = XCBuildConfiguration;
			buildSettings = {
				ALWAYS_SEARCH_USER_PATHS = NO;
				CLANG_ANALYZER_NONNULL = YES;
				CLANG_CXX_LANGUAGE_STANDARD = "gnu++0x";
				CLANG_CXX_LIBRARY = "libc++";
				CLANG_ENABLE_MODULES = YES;
				CLANG_ENABLE_OBJC_ARC = YES;
				CLANG_WARN_BOOL_CONVERSION = YES;
				CLANG_WARN_CONSTANT_CONVERSION = YES;
				CLANG_WARN_DIRECT_OBJC_ISA_USAGE = YES_ERROR;
				CLANG_WARN_EMPTY_BODY = YES;
				CLANG_WARN_ENUM_CONVERSION = YES;
				CLANG_WARN_INT_CONVERSION = YES;
				CLANG_WARN_OBJC_ROOT_CLASS = YES_ERROR;
				CLANG_WARN_UNREACHABLE_CODE = YES;
				CLANG_WARN__DUPLICATE_METHOD_MATCH = YES;
				"CODE_SIGN_IDENTITY[sdk=iphoneos*]" = "iPhone Developer";
				COPY_PHASE_STRIP = NO;
				DEBUG_INFORMATION_FORMAT = "dwarf-with-dsym";
				ENABLE_NS_ASSERTIONS = NO;
				ENABLE_STRICT_OBJC_MSGSEND = YES;
				GCC_C_LANGUAGE_STANDARD = gnu99;
				GCC_NO_COMMON_BLOCKS = YES;
				GCC_WARN_64_TO_32_BIT_CONVERSION = YES;
				GCC_WARN_ABOUT_RETURN_TYPE = YES_ERROR;
				GCC_WARN_UNDECLARED_SELECTOR = YES;
				GCC_WARN_UNINITIALIZED_AUTOS = YES_AGGRESSIVE;
				GCC_WARN_UNUSED_FUNCTION = YES;
				GCC_WARN_UNUSED_VARIABLE = YES;
				IPHONEOS_DEPLOYMENT_TARGET = 9.3;
				MTL_ENABLE_DEBUG_INFO = NO;
				SDKROOT = iphoneos;
				TARGETED_DEVICE_FAMILY = "1,2";
				VALIDATE_PRODUCT = YES;
			};
			name = Release;
		};
		31E568C91CAC02560024E9DC /* Debug */ = {
			isa = XCBuildConfiguration;
			buildSettings = {
				ASSETCATALOG_COMPILER_APPICON_NAME = AppIcon;
				CLANG_ENABLE_MODULES = YES;
				INFOPLIST_FILE = UIViewBadge/Info.plist;
				LD_RUNPATH_SEARCH_PATHS = "$(inherited) @executable_path/Frameworks";
				PRODUCT_BUNDLE_IDENTIFIER = GB.UIViewBadge;
				PRODUCT_NAME = "$(TARGET_NAME)";
				SWIFT_OBJC_BRIDGING_HEADER = "UIViewBadge/UIViewBadge-Bridging-Header.h";
				SWIFT_OPTIMIZATION_LEVEL = "-Onone";
			};
			name = Debug;
		};
		31E568CA1CAC02560024E9DC /* Release */ = {
			isa = XCBuildConfiguration;
			buildSettings = {
				ASSETCATALOG_COMPILER_APPICON_NAME = AppIcon;
				CLANG_ENABLE_MODULES = YES;
				INFOPLIST_FILE = UIViewBadge/Info.plist;
				LD_RUNPATH_SEARCH_PATHS = "$(inherited) @executable_path/Frameworks";
				PRODUCT_BUNDLE_IDENTIFIER = GB.UIViewBadge;
				PRODUCT_NAME = "$(TARGET_NAME)";
				SWIFT_OBJC_BRIDGING_HEADER = "UIViewBadge/UIViewBadge-Bridging-Header.h";
			};
			name = Release;
		};
		31E568CC1CAC02560024E9DC /* Debug */ = {
			isa = XCBuildConfiguration;
			buildSettings = {
				BUNDLE_LOADER = "$(TEST_HOST)";
				INFOPLIST_FILE = UIViewBadgeTests/Info.plist;
				LD_RUNPATH_SEARCH_PATHS = "$(inherited) @executable_path/Frameworks @loader_path/Frameworks";
				PRODUCT_BUNDLE_IDENTIFIER = GB.UIViewBadgeTests;
				PRODUCT_NAME = "$(TARGET_NAME)";
				TEST_HOST = "$(BUILT_PRODUCTS_DIR)/UIViewBadge.app/UIViewBadge";
			};
			name = Debug;
		};
		31E568CD1CAC02560024E9DC /* Release */ = {
			isa = XCBuildConfiguration;
			buildSettings = {
				BUNDLE_LOADER = "$(TEST_HOST)";
				INFOPLIST_FILE = UIViewBadgeTests/Info.plist;
				LD_RUNPATH_SEARCH_PATHS = "$(inherited) @executable_path/Frameworks @loader_path/Frameworks";
				PRODUCT_BUNDLE_IDENTIFIER = GB.UIViewBadgeTests;
				PRODUCT_NAME = "$(TARGET_NAME)";
				TEST_HOST = "$(BUILT_PRODUCTS_DIR)/UIViewBadge.app/UIViewBadge";
			};
			name = Release;
		};
		31E568CF1CAC02560024E9DC /* Debug */ = {
			isa = XCBuildConfiguration;
			buildSettings = {
				INFOPLIST_FILE = UIViewBadgeUITests/Info.plist;
				LD_RUNPATH_SEARCH_PATHS = "$(inherited) @executable_path/Frameworks @loader_path/Frameworks";
				PRODUCT_BUNDLE_IDENTIFIER = GB.UIViewBadgeUITests;
				PRODUCT_NAME = "$(TARGET_NAME)";
				TEST_TARGET_NAME = UIViewBadge;
			};
			name = Debug;
		};
		31E568D01CAC02560024E9DC /* Release */ = {
			isa = XCBuildConfiguration;
			buildSettings = {
				INFOPLIST_FILE = UIViewBadgeUITests/Info.plist;
				LD_RUNPATH_SEARCH_PATHS = "$(inherited) @executable_path/Frameworks @loader_path/Frameworks";
				PRODUCT_BUNDLE_IDENTIFIER = GB.UIViewBadgeUITests;
				PRODUCT_NAME = "$(TARGET_NAME)";
				TEST_TARGET_NAME = UIViewBadge;
			};
			name = Release;
		};
/* End XCBuildConfiguration section */

/* Begin XCConfigurationList section */
		31E5689B1CAC02560024E9DC /* Build configuration list for PBXProject "UIViewBadge" */ = {
			isa = XCConfigurationList;
			buildConfigurations = (
				31E568C61CAC02560024E9DC /* Debug */,
				31E568C71CAC02560024E9DC /* Release */,
			);
			defaultConfigurationIsVisible = 0;
			defaultConfigurationName = Release;
		};
		31E568C81CAC02560024E9DC /* Build configuration list for PBXNativeTarget "UIViewBadge" */ = {
			isa = XCConfigurationList;
			buildConfigurations = (
				31E568C91CAC02560024E9DC /* Debug */,
				31E568CA1CAC02560024E9DC /* Release */,
			);
			defaultConfigurationIsVisible = 0;
			defaultConfigurationName = Release;
		};
		31E568CB1CAC02560024E9DC /* Build configuration list for PBXNativeTarget "UIViewBadgeTests" */ = {
			isa = XCConfigurationList;
			buildConfigurations = (
				31E568CC1CAC02560024E9DC /* Debug */,
				31E568CD1CAC02560024E9DC /* Release */,
			);
			defaultConfigurationIsVisible = 0;
			defaultConfigurationName = Release;
		};
		31E568CE1CAC02560024E9DC /* Build configuration list for PBXNativeTarget "UIViewBadgeUITests" */ = {
			isa = XCConfigurationList;
			buildConfigurations = (
				31E568CF1CAC02560024E9DC /* Debug */,
				31E568D01CAC02560024E9DC /* Release */,
			);
			defaultConfigurationIsVisible = 0;
			defaultConfigurationName = Release;
		};
/* End XCConfigurationList section */
	};
	rootObject = 31E568981CAC02560024E9DC /* Project object */;
}
